
Microsoft Visual Studio Solution File, Format Version 12.00
# Visual Studio Version 16
VisualStudioVersion = 16.0.28803.202
MinimumVisualStudioVersion = 10.0.40219.1
Project("{FAE04EC0-301F-11D3-BF4B-00C04F79EFBC}") = "homeWork2", "homeWork2\homeWork2.csproj", "{C07135D8-1BE1-4F85-AF77-62012CD4FD66}"
EndProject
Global
	GlobalSection(SolutionConfigurationPlatforms) = preSolution
		Debug|Any CPU = Debug|Any CPU
		Release|Any CPU = Release|Any CPU
	EndGlobalSection
	GlobalSection(ProjectConfigurationPlatforms) = postSolution
		{C07135D8-1BE1-4F85-AF77-62012CD4FD66}.Debug|Any CPU.ActiveCfg = Debug|Any CPU
		{C07135D8-1BE1-4F85-AF77-62012CD4FD66}.Debug|Any CPU.Build.0 = Debug|Any CPU
		{C07135D8-1BE1-4F85-AF77-62012CD4FD66}.Release|Any CPU.ActiveCfg = Release|Any CPU
		{C07135D8-1BE1-4F85-AF77-62012CD4FD66}.Release|Any CPU.Build.0 = Release|Any CPU
	EndGlobalSection
	GlobalSection(SolutionProperties) = preSolution
		HideSolutionNode = FALSE
	EndGlobalSection
	GlobalSection(ExtensibilityGlobals) = postSolution
		SolutionGuid = {ECDEE955-E9CE-46AC-9E1D-20AC45534290}
	EndGlobalSection
EndGlobal
